# THIS IS AN AUTOGENERATED FILE. DO NOT EDIT THIS FILE DIRECTLY.
# yarn lockfile v1


"@stardust-configs/prettier-config@^0.1.1":
  version "0.1.1"
  resolved "https://registry.yarnpkg.com/@stardust-configs/prettier-config/-/prettier-config-0.1.1.tgz#b79ee6bcd84c926501cd0f4e3b0f02f2bfb57415"
  integrity sha512-KVNeDikcETcc9IuK69kk66O01I/8TdtzY6T4RTcjoqPJtD1NLe/cQkWTTAY6vqXZ8blOwexkOLFv11pXrZTjRA==

"@stardust-configs/tsconfig@^0.1.1":
  version "0.1.1"
  resolved "https://registry.yarnpkg.com/@stardust-configs/tsconfig/-/tsconfig-0.1.1.tgz#025aff2e7e6a0b8781c847f5847bed3a85d9caf6"
  integrity sha512-CHRiCaETG0Q7Syrm/Uj5zdtRJtQWJiBbPaeH0VAezasBfZj97DHbuCE+2D8eo8YIHXtWbyJK4R1D51GhxsLcpw==

"@types/parse-unit@^1.0.1":
  version "1.0.1"
  resolved "https://registry.yarnpkg.com/@types/parse-unit/-/parse-unit-1.0.1.tgz#1c1ffda43d17accccad048012f9c1764b4042bba"
  integrity sha512-p6QazF9lsJKxD+l/jcPQSGthgFbtKQuNSOH48zdPCnItg2qrvKGwaDd5KRmdsC/qmJ20zGafQ/VzNtIfi7AfiA==

bezier-easing@^2.1.0:
  version "2.1.0"
  resolved "https://registry.yarnpkg.com/bezier-easing/-/bezier-easing-2.1.0.tgz#c04dfe8b926d6ecaca1813d69ff179b7c2025d86"
  integrity sha1-wE3+i5JtbsrKGBPWn/F5t8ICXYY=

parse-unit@^1.0.1:
  version "1.0.1"
  resolved "https://registry.yarnpkg.com/parse-unit/-/parse-unit-1.0.1.tgz#7e1bb6d5bef3874c28e392526a2541170291eecf"
  integrity sha1-fhu21b7zh0wo45JSaiVBFwKR7s8=

prettier@^2.3.2:
  version "2.3.2"
  resolved "https://registry.yarnpkg.com/prettier/-/prettier-2.3.2.tgz#ef280a05ec253712e486233db5c6f23441e7342d"
  integrity sha512-lnJzDfJ66zkMy58OL5/NY5zp70S7Nz6KqcKkXYzn2tMVrNxvbqaBpg7H3qHaLxCJ5lNMsGuM8+ohS7cZrthdLQ==

round-to@^5.0.0:
  version "5.0.0"
  resolved "https://registry.yarnpkg.com/round-to/-/round-to-5.0.0.tgz#a66292701a93b194f630a0d57f04c08821b6eeed"
  integrity sha512-i4+Ntwmo5kY7UWWFSDEVN3RjT2PX1FqkZ9iCcAO3sKML3Ady9NgsjM/HLdYKUAnrxK4IlSvXzpBMDvMHZQALRQ==

typescript@^4.3.5:
  version "4.3.5"
  resolved "https://registry.yarnpkg.com/typescript/-/typescript-4.3.5.tgz#4d1c37cc16e893973c45a06886b7113234f119f4"
  integrity sha512-DqQgihaQ9cUrskJo9kIyW/+g0Vxsk8cDtZ52a3NGh0YNTfpUSArXSohyUGnvbPazEPLu398C0UxmKSOrPumUzA==
